
Microsoft Visual Studio Solution File, Format Version 12.00
# Visual Studio 15
VisualStudioVersion = 15.0.28307.572
MinimumVisualStudioVersion = 10.0.40219.1
Project("{2150E333-8FDC-42A3-9474-1A3956D46DE8}") = "src", "src", "{C21D0F13-852C-4792-B4C9-AE5517252170}"
EndProject
Project("{2150E333-8FDC-42A3-9474-1A3956D46DE8}") = "1 - UI", "1 - UI", "{17847B39-5A0F-42FF-B9F5-18CE87B405EA}"
EndProject
Project("{2150E333-8FDC-42A3-9474-1A3956D46DE8}") = "2 - API", "2 - API", "{F22001E7-93AB-48E7-8BFD-3637786A49D4}"
EndProject
Project("{2150E333-8FDC-42A3-9474-1A3956D46DE8}") = "3 - Infra", "3 - Infra", "{8D5851A5-D95B-4E19-B19C-ADB8E705CFCC}"
EndProject
Project("{FAE04EC0-301F-11D3-BF4B-00C04F79EFBC}") = "HackatonPortosWeb", "HackatonPortosWeb\HackatonPortosWeb.csproj", "{E240EB32-9D69-4D62-8B79-7F85F125F323}"
EndProject
Global
	GlobalSection(SolutionConfigurationPlatforms) = preSolution
		Debug|Any CPU = Debug|Any CPU
		Release|Any CPU = Release|Any CPU
	EndGlobalSection
	GlobalSection(ProjectConfigurationPlatforms) = postSolution
		{E240EB32-9D69-4D62-8B79-7F85F125F323}.Debug|Any CPU.ActiveCfg = Debug|Any CPU
		{E240EB32-9D69-4D62-8B79-7F85F125F323}.Debug|Any CPU.Build.0 = Debug|Any CPU
		{E240EB32-9D69-4D62-8B79-7F85F125F323}.Release|Any CPU.ActiveCfg = Release|Any CPU
		{E240EB32-9D69-4D62-8B79-7F85F125F323}.Release|Any CPU.Build.0 = Release|Any CPU
	EndGlobalSection
	GlobalSection(SolutionProperties) = preSolution
		HideSolutionNode = FALSE
	EndGlobalSection
	GlobalSection(NestedProjects) = preSolution
		{17847B39-5A0F-42FF-B9F5-18CE87B405EA} = {C21D0F13-852C-4792-B4C9-AE5517252170}
		{F22001E7-93AB-48E7-8BFD-3637786A49D4} = {C21D0F13-852C-4792-B4C9-AE5517252170}
		{8D5851A5-D95B-4E19-B19C-ADB8E705CFCC} = {C21D0F13-852C-4792-B4C9-AE5517252170}
		{E240EB32-9D69-4D62-8B79-7F85F125F323} = {17847B39-5A0F-42FF-B9F5-18CE87B405EA}
	EndGlobalSection
	GlobalSection(ExtensibilityGlobals) = postSolution
		SolutionGuid = {47A1FB82-B633-45CE-9168-A3A222C881D4}
	EndGlobalSection
EndGlobal
